
Microsoft Visual Studio Solution File, Format Version 12.00
# Visual Studio Version 16
VisualStudioVersion = 16.0.31205.134
MinimumVisualStudioVersion = 10.0.40219.1
Project("{9A19103F-16F7-4668-BE54-9A1E7A4F7556}") = "Codinia", "Codinia\Codinia.csproj", "{01C55514-F8F5-4192-967B-D4CB15A803D3}"
EndProject
Global
	GlobalSection(SolutionConfigurationPlatforms) = preSolution
		Debug|Any CPU = Debug|Any CPU
		Release|Any CPU = Release|Any CPU
	EndGlobalSection
	GlobalSection(ProjectConfigurationPlatforms) = postSolution
		{01C55514-F8F5-4192-967B-D4CB15A803D3}.Debug|Any CPU.ActiveCfg = Debug|Any CPU
		{01C55514-F8F5-4192-967B-D4CB15A803D3}.Debug|Any CPU.Build.0 = Debug|Any CPU
		{01C55514-F8F5-4192-967B-D4CB15A803D3}.Release|Any CPU.ActiveCfg = Release|Any CPU
		{01C55514-F8F5-4192-967B-D4CB15A803D3}.Release|Any CPU.Build.0 = Release|Any CPU
	EndGlobalSection
	GlobalSection(SolutionProperties) = preSolution
		HideSolutionNode = FALSE
	EndGlobalSection
	GlobalSection(ExtensibilityGlobals) = postSolution
		SolutionGuid = {1D2A9614-8ADE-4625-A839-CBEAE7D3C4C4}
	EndGlobalSection
EndGlobal
